<?xml version="1.0" encoding="utf-8"?>
<Project ToolsVersion="4.0" xmlns="http://schemas.microsoft.com/developer/msbuild/2003">
  <ItemGroup>
    <Filter Include="Scenes">
      <UniqueIdentifier>{0e2292cd-4aac-4c45-ac2c-3f5208810757}</UniqueIdentifier>
    </Filter>
    <Filter Include="GUI">
      <UniqueIdentifier>{a1c47caf-9f70-4c29-a597-79e7d9fe539a}</UniqueIdentifier>
    </Filter>
    <Filter Include="Loader">
      <UniqueIdentifier>{c5cb7a38-2cb7-4189-a555-b0ada5d2861a}</UniqueIdentifier>
    </Filter>
    <Filter Include="Entity">
      <UniqueIdentifier>{6b5fdc87-6da2-4895-a4cd-c5ee3015a3c5}</UniqueIdentifier>
    </Filter>
    <Filter Include="Data">
      <UniqueIdentifier>{263b990e-5713-46fb-8dfc-8626bf84683e}</UniqueIdentifier>
    </Filter>
    <Filter Include="Engine">
      <UniqueIdentifier>{898c26bb-8331-471d-9b99-4afb31e09d10}</UniqueIdentifier>
    </Filter>
    <Filter Include="SceneView">
      <UniqueIdentifier>{c23002b4-d6e6-4602-81be-85e68edc381e}</UniqueIdentifier>
    </Filter>
    <Filter Include="Widgets">
      <UniqueIdentifier>{a9d0f8b4-d146-426d-9471-4c841de25968}</UniqueIdentifier>
    </Filter>
  </ItemGroup>
  <ItemGroup>
    <ClInclude Include="$(MSBuildThisFileDirectory)src\game\Scenes\Scene.h">
      <Filter>Scenes</Filter>
    </ClInclude>
    <ClInclude Include="$(MSBuildThisFileDirectory)src\game\Scenes\GameScene.h">
      <Filter>Scenes</Filter>
    </ClInclude>
    <ClInclude Include="$(MSBuildThisFileDirectory)src\game\stb_sprintf.h" />
    <ClInclude Include="$(MSBuildThisFileDirectory)src\game\StringLib.h" />
    <ClInclude Include="$(MSBuildThisFileDirectory)src\game\Camera.h" />
    <ClInclude Include="$(MSBuildThisFileDirectory)src\game\Assets.h" />
    <ClInclude Include="$(MSBuildThisFileDirectory)src\game\Color.h" />
    <ClInclude Include="$(MSBuildThisFileDirectory)src\game\Game.h" />
    <ClInclude Include="$(MSBuildThisFileDirectory)src\game\MathLib.h" />
    <ClInclude Include="$(MSBuildThisFileDirectory)src\game\Platform.h" />
    <ClInclude Include="$(MSBuildThisFileDirectory)src\game\Span.h" />
    <ClInclude Include="$(MSBuildThisFileDirectory)src\game\Loader\Wave.h">
      <Filter>Loader</Filter>
    </ClInclude>
    <ClInclude Include="$(MSBuildThisFileDirectory)src\game\Entity\EntityManager.h">
      <Filter>Entity</Filter>
    </ClInclude>
    <ClInclude Include="$(MSBuildThisFileDirectory)src\game\Entity\Entity.h">
      <Filter>Entity</Filter>
    </ClInclude>
    <ClInclude Include="$(MSBuildThisFileDirectory)src\game\Profiler.h" />
    <ClInclude Include="$(MSBuildThisFileDirectory)src\game\Data\UnitDef.h">
      <Filter>Data</Filter>
    </ClInclude>
    <ClInclude Include="$(MSBuildThisFileDirectory)src\game\Debug.h" />
    <ClInclude Include="$(MSBuildThisFileDirectory)src\game\Data\RaceDef.h">
      <Filter>Data</Filter>
    </ClInclude>
    <ClInclude Include="$(MSBuildThisFileDirectory)src\game\Util.h" />
    <ClInclude Include="$(MSBuildThisFileDirectory)src\game\Data\WeaponDef.h">
      <Filter>Data</Filter>
    </ClInclude>
    <ClInclude Include="$(MSBuildThisFileDirectory)src\game\Data\AbilityDef.h">
      <Filter>Data</Filter>
    </ClInclude>
    <ClInclude Include="$(MSBuildThisFileDirectory)src\game\Engine\GraphicsRenderer.h">
      <Filter>Engine</Filter>
    </ClInclude>
    <ClInclude Include="$(MSBuildThisFileDirectory)src\game\Engine\GraphicsPrimitives.h">
      <Filter>Engine</Filter>
    </ClInclude>
    <ClInclude Include="$(MSBuildThisFileDirectory)src\game\Engine\JobSystem.h">
      <Filter>Engine</Filter>
    </ClInclude>
    <ClInclude Include="$(MSBuildThisFileDirectory)src\game\Engine\AudioManager.h">
      <Filter>Engine</Filter>
    </ClInclude>
    <ClInclude Include="$(MSBuildThisFileDirectory)src\game\Engine\AudioChannel.h">
      <Filter>Engine</Filter>
    </ClInclude>
    <ClInclude Include="$(MSBuildThisFileDirectory)src\game\Engine\AssetLoader.h">
      <Filter>Engine</Filter>
    </ClInclude>
    <ClInclude Include="$(MSBuildThisFileDirectory)src\game\Engine\InputManager.h">
      <Filter>Engine</Filter>
    </ClInclude>
    <ClInclude Include="$(MSBuildThisFileDirectory)src\game\Engine\InputDevices.h">
      <Filter>Engine</Filter>
    </ClInclude>
    <ClInclude Include="$(MSBuildThisFileDirectory)src\game\Loader\BinaryData.h">
      <Filter>Loader</Filter>
    </ClInclude>
    <ClInclude Include="$(MSBuildThisFileDirectory)src\game\Data\GameDatabase.h">
      <Filter>Data</Filter>
    </ClInclude>
    <ClInclude Include="$(MSBuildThisFileDirectory)src\game\Data\AssetDataDefs.h">
      <Filter>Data</Filter>
    </ClInclude>
    <ClInclude Include="$(MSBuildThisFileDirectory)src\game\Random.h" />
    <ClInclude Include="$(MSBuildThisFileDirectory)src\game\Data\UpgradeDef.h">
      <Filter>Data</Filter>
    </ClInclude>
    <ClInclude Include="$(MSBuildThisFileDirectory)src\game\Data\SoundSetDef.h">
      <Filter>Data</Filter>
    </ClInclude>
    <ClInclude Include="$(MSBuildThisFileDirectory)src\game\Entity\ObjectDrawSystem.h">
      <Filter>Entity</Filter>
    </ClInclude>
    <ClInclude Include="$(MSBuildThisFileDirectory)src\game\Entity\AnimationPlayer.h">
      <Filter>Entity</Filter>
    </ClInclude>
    <ClInclude Include="$(MSBuildThisFileDirectory)src\game\Entity\AnimationSystem.h">
      <Filter>Entity</Filter>
    </ClInclude>
    <ClInclude Include="$(MSBuildThisFileDirectory)src\game\Entity\EntityUtil.h">
      <Filter>Entity</Filter>
    </ClInclude>
    <ClInclude Include="$(MSBuildThisFileDirectory)src\game\Entity\EntityComponentMap.h">
      <Filter>Entity</Filter>
    </ClInclude>
    <ClInclude Include="$(MSBuildThisFileDirectory)src\game\Entity\IEntitySystem.h">
      <Filter>Entity</Filter>
    </ClInclude>
    <ClInclude Include="$(MSBuildThisFileDirectory)src\game\Entity\PlayerSystem.h">
      <Filter>Entity</Filter>
    </ClInclude>
    <ClInclude Include="$(MSBuildThisFileDirectory)src\game\Entity\MapSystem.h">
      <Filter>Entity</Filter>
    </ClInclude>
    <ClInclude Include="$(MSBuildThisFileDirectory)src\game\Entity\UnitSystem.h">
      <Filter>Entity</Filter>
    </ClInclude>
    <ClInclude Include="$(MSBuildThisFileDirectory)src\game\Scenes\BootScene.h">
      <Filter>Scenes</Filter>
    </ClInclude>
    <ClInclude Include="$(MSBuildThisFileDirectory)src\game\Coroutine.h" />
    <ClInclude Include="$(MSBuildThisFileDirectory)src\game\TimeSlice.h" />
    <ClInclude Include="$(MSBuildThisFileDirectory)src\game\RingBuffer.h" />
    <ClInclude Include="$(MSBuildThisFileDirectory)src\game\SceneView\BootSceneView.h">
      <Filter>SceneView</Filter>
    </ClInclude>
    <ClInclude Include="$(MSBuildThisFileDirectory)src\game\GUI\GUIImage.h">
      <Filter>GUI</Filter>
    </ClInclude>
    <ClInclude Include="$(MSBuildThisFileDirectory)src\game\GUI\GUIBase.h">
      <Filter>GUI</Filter>
    </ClInclude>
    <ClInclude Include="$(MSBuildThisFileDirectory)src\game\GUI\GUI.h">
      <Filter>GUI</Filter>
    </ClInclude>
    <ClInclude Include="$(MSBuildThisFileDirectory)src\game\GUI\GUILabel.h">
      <Filter>GUI</Filter>
    </ClInclude>
    <ClInclude Include="$(MSBuildThisFileDirectory)src\game\Scenes\VideoPlaybackScene.h">
      <Filter>Scenes</Filter>
    </ClInclude>
    <ClInclude Include="$(MSBuildThisFileDirectory)src\game\Engine\IAudioSource.h">
      <Filter>Engine</Filter>
    </ClInclude>
    <ClInclude Include="$(MSBuildThisFileDirectory)src\game\GUI\GUIVideo.h">
      <Filter>GUI</Filter>
    </ClInclude>
    <ClInclude Include="$(MSBuildThisFileDirectory)src\game\Loader\smk_hufftree.h">
      <Filter>Loader</Filter>
    </ClInclude>
    <ClInclude Include="$(MSBuildThisFileDirectory)src\game\Loader\smk_malloc.h">
      <Filter>Loader</Filter>
    </ClInclude>
    <ClInclude Include="$(MSBuildThisFileDirectory)src\game\Loader\smacker.h">
      <Filter>Loader</Filter>
    </ClInclude>
    <ClInclude Include="$(MSBuildThisFileDirectory)src\game\Loader\smk_bitstream.h">
      <Filter>Loader</Filter>
    </ClInclude>
    <ClInclude Include="$(MSBuildThisFileDirectory)src\game\Scenes\MainMenuScene.h">
      <Filter>Scenes</Filter>
    </ClInclude>
    <ClInclude Include="$(MSBuildThisFileDirectory)src\game\SceneView\MainMenuSceneView.h">
      <Filter>SceneView</Filter>
    </ClInclude>
    <ClInclude Include="$(MSBuildThisFileDirectory)src\game\SceneView\GameSceneView.h">
      <Filter>SceneView</Filter>
    </ClInclude>
    <ClInclude Include="$(MSBuildThisFileDirectory)src\game\GameInputSchema.h" />
    <ClInclude Include="$(MSBuildThisFileDirectory)src\game\Widgets\MinimapPanel.h">
      <Filter>Widgets</Filter>
    </ClInclude>
    <ClInclude Include="$(MSBuildThisFileDirectory)src\game\Widgets\ResourceBar.h">
      <Filter>Widgets</Filter>
    </ClInclude>
    <ClInclude Include="$(MSBuildThisFileDirectory)src\game\Widgets\Cursor.h">
      <Filter>Widgets</Filter>
    </ClInclude>
    <ClInclude Include="$(MSBuildThisFileDirectory)src\game\Entity\KinematicSystem.h">
      <Filter>Entity</Filter>
    </ClInclude>
    <ClInclude Include="$(MSBuildThisFileDirectory)src\game\Widgets\SelectionInfoPanel.h">
      <Filter>Widgets</Filter>
    </ClInclude>
    <ClInclude Include="$(MSBuildThisFileDirectory)src\game\GUI\GUITooltip.h">
      <Filter>GUI</Filter>
    </ClInclude>
    <ClInclude Include="$(MSBuildThisFileDirectory)src\game\Data\UnitPortraitDef.h">
      <Filter>Data</Filter>
    </ClInclude>
    <ClInclude Include="$(MSBuildThisFileDirectory)src\game\Widgets\UnitPortraitPanel.h">
      <Filter>Widgets</Filter>
    </ClInclude>
    <ClInclude Include="$(MSBuildThisFileDirectory)src\game\Loader\Pak.h">
      <Filter>Loader</Filter>
    </ClInclude>
    <ClInclude Include="$(MSBuildThisFileDirectory)src\game\Entity\SoundSystem.h">
      <Filter>Entity</Filter>
    </ClInclude>
    <ClInclude Include="$(MSBuildThisFileDirectory)src\game\Entity\UnitAIStateMachine.h">
      <Filter>Entity</Filter>
    </ClInclude>
    <ClInclude Include="$(MSBuildThisFileDirectory)src\game\Entity\UnitStateMachine.h">
      <Filter>Entity</Filter>
    </ClInclude>
  </ItemGroup>
  <ItemGroup>
    <ClCompile Include="$(MSBuildThisFileDirectory)src\game\Scenes\Scene.cpp">
      <Filter>Scenes</Filter>
    </ClCompile>
    <ClCompile Include="$(MSBuildThisFileDirectory)src\game\Scenes\GameScene.cpp">
      <Filter>Scenes</Filter>
    </ClCompile>
    <ClCompile Include="$(MSBuildThisFileDirectory)src\game\StringLib.cpp" />
    <ClCompile Include="$(MSBuildThisFileDirectory)src\game\Camera.cpp" />
    <ClCompile Include="$(MSBuildThisFileDirectory)src\game\Assets.cpp" />
    <ClCompile Include="$(MSBuildThisFileDirectory)src\game\Game.cpp" />
    <ClCompile Include="$(MSBuildThisFileDirectory)src\game\Loader\Wave.cpp">
      <Filter>Loader</Filter>
    </ClCompile>
    <ClCompile Include="$(MSBuildThisFileDirectory)src\game\Entity\EntityManager.cpp">
      <Filter>Entity</Filter>
    </ClCompile>
    <ClCompile Include="$(MSBuildThisFileDirectory)src\game\Profiler.cpp" />
    <ClCompile Include="$(MSBuildThisFileDirectory)src\game\Entity\Entity.cpp">
      <Filter>Entity</Filter>
    </ClCompile>
    <ClCompile Include="$(MSBuildThisFileDirectory)src\game\Data\RaceDef.cpp">
      <Filter>Data</Filter>
    </ClCompile>
    <ClCompile Include="$(MSBuildThisFileDirectory)src\game\Util.cpp" />
    <ClCompile Include="$(MSBuildThisFileDirectory)src\game\Engine\GraphicsRenderer.cpp">
      <Filter>Engine</Filter>
    </ClCompile>
    <ClCompile Include="$(MSBuildThisFileDirectory)src\game\Engine\JobSystem.cpp">
      <Filter>Engine</Filter>
    </ClCompile>
    <ClCompile Include="$(MSBuildThisFileDirectory)src\game\Engine\AudioManager.cpp">
      <Filter>Engine</Filter>
    </ClCompile>
    <ClCompile Include="$(MSBuildThisFileDirectory)src\game\Engine\AssetLoader.cpp">
      <Filter>Engine</Filter>
    </ClCompile>
    <ClCompile Include="$(MSBuildThisFileDirectory)src\game\Engine\InputManager.cpp">
      <Filter>Engine</Filter>
    </ClCompile>
    <ClCompile Include="$(MSBuildThisFileDirectory)src\game\Engine\InputDevices.cpp">
      <Filter>Engine</Filter>
    </ClCompile>
    <ClCompile Include="$(MSBuildThisFileDirectory)src\game\Loader\BinaryData.cpp">
      <Filter>Loader</Filter>
    </ClCompile>
    <ClCompile Include="$(MSBuildThisFileDirectory)src\game\Data\GameDatabase.cpp">
      <Filter>Data</Filter>
    </ClCompile>
    <ClCompile Include="$(MSBuildThisFileDirectory)src\game\Random.cpp" />
    <ClCompile Include="$(MSBuildThisFileDirectory)src\game\Data\AssetDataDefs.cpp">
      <Filter>Data</Filter>
    </ClCompile>
    <ClCompile Include="$(MSBuildThisFileDirectory)src\game\Data\UnitDef.cpp">
      <Filter>Data</Filter>
    </ClCompile>
    <ClCompile Include="$(MSBuildThisFileDirectory)src\game\Data\AbilityDef.cpp">
      <Filter>Data</Filter>
    </ClCompile>
    <ClCompile Include="$(MSBuildThisFileDirectory)src\game\Data\UpgradeDef.cpp">
      <Filter>Data</Filter>
    </ClCompile>
    <ClCompile Include="$(MSBuildThisFileDirectory)src\game\Data\WeaponDef.cpp">
      <Filter>Data</Filter>
    </ClCompile>
    <ClCompile Include="$(MSBuildThisFileDirectory)src\game\Data\SoundSetDef.cpp">
      <Filter>Data</Filter>
    </ClCompile>
    <ClCompile Include="$(MSBuildThisFileDirectory)src\game\Entity\ObjectDrawSystem.cpp">
      <Filter>Entity</Filter>
    </ClCompile>
    <ClCompile Include="$(MSBuildThisFileDirectory)src\game\Entity\AnimationPlayer.cpp">
      <Filter>Entity</Filter>
    </ClCompile>
    <ClCompile Include="$(MSBuildThisFileDirectory)src\game\Entity\AnimationSystem.cpp">
      <Filter>Entity</Filter>
    </ClCompile>
    <ClCompile Include="$(MSBuildThisFileDirectory)src\game\Entity\EntityUtil.cpp">
      <Filter>Entity</Filter>
    </ClCompile>
    <ClCompile Include="$(MSBuildThisFileDirectory)src\game\Entity\PlayerSystem.cpp">
      <Filter>Entity</Filter>
    </ClCompile>
    <ClCompile Include="$(MSBuildThisFileDirectory)src\game\Entity\MapSystem.cpp">
      <Filter>Entity</Filter>
    </ClCompile>
    <ClCompile Include="$(MSBuildThisFileDirectory)src\game\Entity\UnitSystem.cpp">
      <Filter>Entity</Filter>
    </ClCompile>
    <ClCompile Include="$(MSBuildThisFileDirectory)src\game\Scenes\BootScene.cpp">
      <Filter>Scenes</Filter>
    </ClCompile>
    <ClCompile Include="$(MSBuildThisFileDirectory)src\game\TimeSlice.cpp" />
    <ClCompile Include="$(MSBuildThisFileDirectory)src\game\SceneView\BootSceneView.cpp">
      <Filter>SceneView</Filter>
    </ClCompile>
    <ClCompile Include="$(MSBuildThisFileDirectory)src\game\GUI\GUIImage.cpp">
      <Filter>GUI</Filter>
    </ClCompile>
    <ClCompile Include="$(MSBuildThisFileDirectory)src\game\GUI\GUIBase.cpp">
      <Filter>GUI</Filter>
    </ClCompile>
    <ClCompile Include="$(MSBuildThisFileDirectory)src\game\GUI\GUILabel.cpp">
      <Filter>GUI</Filter>
    </ClCompile>
    <ClCompile Include="$(MSBuildThisFileDirectory)src\game\Scenes\VideoPlaybackScene.cpp">
      <Filter>Scenes</Filter>
    </ClCompile>
    <ClCompile Include="$(MSBuildThisFileDirectory)src\game\Engine\IAudioSource.cpp">
      <Filter>Engine</Filter>
    </ClCompile>
    <ClCompile Include="$(MSBuildThisFileDirectory)src\game\PlatformAlloc.cpp" />
    <ClCompile Include="$(MSBuildThisFileDirectory)src\game\GUI\GUIVideo.cpp">
      <Filter>GUI</Filter>
    </ClCompile>
    <ClCompile Include="$(MSBuildThisFileDirectory)src\game\Loader\smk_hufftree.c">
      <Filter>Loader</Filter>
    </ClCompile>
    <ClCompile Include="$(MSBuildThisFileDirectory)src\game\Loader\smacker.c">
      <Filter>Loader</Filter>
    </ClCompile>
    <ClCompile Include="$(MSBuildThisFileDirectory)src\game\Loader\smk_bitstream.c">
      <Filter>Loader</Filter>
    </ClCompile>
    <ClCompile Include="$(MSBuildThisFileDirectory)src\game\Scenes\MainMenuScene.cpp">
      <Filter>Scenes</Filter>
    </ClCompile>
    <ClCompile Include="$(MSBuildThisFileDirectory)src\game\SceneView\MainMenuSceneView.cpp">
      <Filter>SceneView</Filter>
    </ClCompile>
    <ClCompile Include="$(MSBuildThisFileDirectory)src\game\SceneView\GameSceneView.cpp">
      <Filter>SceneView</Filter>
    </ClCompile>
    <ClCompile Include="$(MSBuildThisFileDirectory)src\game\GameInputSchema.cpp" />
    <ClCompile Include="$(MSBuildThisFileDirectory)src\game\Widgets\MinimapPanel.cpp">
      <Filter>Widgets</Filter>
    </ClCompile>
    <ClCompile Include="$(MSBuildThisFileDirectory)src\game\Widgets\ResourceBar.cpp">
      <Filter>Widgets</Filter>
    </ClCompile>
    <ClCompile Include="$(MSBuildThisFileDirectory)src\game\Widgets\Cursor.cpp">
      <Filter>Widgets</Filter>
    </ClCompile>
    <ClCompile Include="$(MSBuildThisFileDirectory)src\game\Entity\KinematicSystem.cpp">
      <Filter>Entity</Filter>
    </ClCompile>
    <ClCompile Include="$(MSBuildThisFileDirectory)src\game\Widgets\SelectionInfoPanel.cpp">
      <Filter>Widgets</Filter>
    </ClCompile>
    <ClCompile Include="$(MSBuildThisFileDirectory)src\game\GUI\GUITooltip.cpp">
      <Filter>GUI</Filter>
    </ClCompile>
    <ClCompile Include="$(MSBuildThisFileDirectory)src\game\Data\UnitPortraitDef.cpp">
      <Filter>Data</Filter>
    </ClCompile>
    <ClCompile Include="$(MSBuildThisFileDirectory)src\game\Widgets\UnitPortraitPanel.cpp">
      <Filter>Widgets</Filter>
    </ClCompile>
    <ClCompile Include="$(MSBuildThisFileDirectory)src\game\Engine\AudioChannel.cpp">
      <Filter>Engine</Filter>
    </ClCompile>
    <ClCompile Include="$(MSBuildThisFileDirectory)src\game\Loader\Pak.cpp">
      <Filter>Loader</Filter>
    </ClCompile>
    <ClCompile Include="$(MSBuildThisFileDirectory)src\game\Entity\SoundSystem.cpp">
      <Filter>Entity</Filter>
    </ClCompile>
    <ClCompile Include="$(MSBuildThisFileDirectory)src\game\Entity\UnitAIStateMachine.cpp">
      <Filter>Entity</Filter>
    </ClCompile>
    <ClCompile Include="$(MSBuildThisFileDirectory)src\game\Entity\UnitStateMachine.cpp">
      <Filter>Entity</Filter>
    </ClCompile>
  </ItemGroup>
</Project>