<?xml version="1.0" encoding="utf-8"?>
<Project ToolsVersion="4.0" xmlns="http://schemas.microsoft.com/developer/msbuild/2003">
  <ItemGroup>
    <Filter Include="Scenes">
      <UniqueIdentifier>{0e2292cd-4aac-4c45-ac2c-3f5208810757}</UniqueIdentifier>
    </Filter>
    <Filter Include="GUI">
      <UniqueIdentifier>{a1c47caf-9f70-4c29-a597-79e7d9fe539a}</UniqueIdentifier>
    </Filter>
    <Filter Include="Loader">
      <UniqueIdentifier>{c5cb7a38-2cb7-4189-a555-b0ada5d2861a}</UniqueIdentifier>
    </Filter>
    <Filter Include="Entity">
      <UniqueIdentifier>{6b5fdc87-6da2-4895-a4cd-c5ee3015a3c5}</UniqueIdentifier>
    </Filter>
    <Filter Include="Data">
      <UniqueIdentifier>{263b990e-5713-46fb-8dfc-8626bf84683e}</UniqueIdentifier>
    </Filter>
    <Filter Include="Engine">
      <UniqueIdentifier>{898c26bb-8331-471d-9b99-4afb31e09d10}</UniqueIdentifier>
    </Filter>
  </ItemGroup>
  <ItemGroup>
    <ClInclude Include="$(MSBuildThisFileDirectory)src\game\Scenes\Scene.h">
      <Filter>Scenes</Filter>
    </ClInclude>
    <ClInclude Include="$(MSBuildThisFileDirectory)src\game\Scenes\GameScene.h">
      <Filter>Scenes</Filter>
    </ClInclude>
    <ClInclude Include="$(MSBuildThisFileDirectory)src\game\stb_sprintf.h" />
    <ClInclude Include="$(MSBuildThisFileDirectory)src\game\StringLib.h" />
    <ClInclude Include="$(MSBuildThisFileDirectory)src\game\Camera.h" />
    <ClInclude Include="$(MSBuildThisFileDirectory)src\game\Assets.h" />
    <ClInclude Include="$(MSBuildThisFileDirectory)src\game\Color.h" />
    <ClInclude Include="$(MSBuildThisFileDirectory)src\game\Game.h" />
    <ClInclude Include="$(MSBuildThisFileDirectory)src\game\MathLib.h" />
    <ClInclude Include="$(MSBuildThisFileDirectory)src\game\Platform.h" />
    <ClInclude Include="$(MSBuildThisFileDirectory)src\game\Span.h" />
    <ClInclude Include="$(MSBuildThisFileDirectory)src\game\GUI\GameHUD.h">
      <Filter>GUI</Filter>
    </ClInclude>
    <ClInclude Include="$(MSBuildThisFileDirectory)src\game\GUI\Cursor.h">
      <Filter>GUI</Filter>
    </ClInclude>
    <ClInclude Include="$(MSBuildThisFileDirectory)src\game\Loader\Wave.h">
      <Filter>Loader</Filter>
    </ClInclude>
    <ClInclude Include="$(MSBuildThisFileDirectory)src\game\Entity\EntityManager.h">
      <Filter>Entity</Filter>
    </ClInclude>
    <ClInclude Include="$(MSBuildThisFileDirectory)src\game\Entity\RenderSystem.h">
      <Filter>Entity</Filter>
    </ClInclude>
    <ClInclude Include="$(MSBuildThisFileDirectory)src\game\Entity\Entity.h">
      <Filter>Entity</Filter>
    </ClInclude>
    <ClInclude Include="$(MSBuildThisFileDirectory)src\game\Profiler.h" />
    <ClInclude Include="$(MSBuildThisFileDirectory)src\game\Entity\Component.h">
      <Filter>Entity</Filter>
    </ClInclude>
    <ClInclude Include="$(MSBuildThisFileDirectory)src\game\Entity\KinematicSystem.h">
      <Filter>Entity</Filter>
    </ClInclude>
    <ClInclude Include="$(MSBuildThisFileDirectory)src\game\Entity\NavigationSystem.h">
      <Filter>Entity</Filter>
    </ClInclude>
    <ClInclude Include="$(MSBuildThisFileDirectory)src\game\Data\UnitDef.h">
      <Filter>Data</Filter>
    </ClInclude>
    <ClInclude Include="$(MSBuildThisFileDirectory)src\game\Scenes\PerformanceTestScene.h">
      <Filter>Scenes</Filter>
    </ClInclude>
    <ClInclude Include="$(MSBuildThisFileDirectory)src\game\Entity\Archetype.h">
      <Filter>Entity</Filter>
    </ClInclude>
    <ClInclude Include="$(MSBuildThisFileDirectory)src\game\Debug.h" />
    <ClInclude Include="$(MSBuildThisFileDirectory)src\game\Entity\EntityTree.h">
      <Filter>Entity</Filter>
    </ClInclude>
    <ClInclude Include="$(MSBuildThisFileDirectory)src\game\Entity\TimingSystem.h">
      <Filter>Entity</Filter>
    </ClInclude>
    <ClInclude Include="$(MSBuildThisFileDirectory)src\game\Entity\EntityUtil.h">
      <Filter>Entity</Filter>
    </ClInclude>
    <ClInclude Include="$(MSBuildThisFileDirectory)src\game\Data\RaceDef.h">
      <Filter>Data</Filter>
    </ClInclude>
    <ClInclude Include="$(MSBuildThisFileDirectory)src\game\Entity\PlayerSystem.h">
      <Filter>Entity</Filter>
    </ClInclude>
    <ClInclude Include="$(MSBuildThisFileDirectory)src\game\Entity\MapSystem.h">
      <Filter>Entity</Filter>
    </ClInclude>
    <ClInclude Include="$(MSBuildThisFileDirectory)src\game\Util.h" />
    <ClInclude Include="$(MSBuildThisFileDirectory)src\game\Entity\UnitSystem.h">
      <Filter>Entity</Filter>
    </ClInclude>
    <ClInclude Include="$(MSBuildThisFileDirectory)src\game\Data\WeaponDef.h">
      <Filter>Data</Filter>
    </ClInclude>
    <ClInclude Include="$(MSBuildThisFileDirectory)src\game\Entity\UnitStateMachine.h">
      <Filter>Entity</Filter>
    </ClInclude>
    <ClInclude Include="$(MSBuildThisFileDirectory)src\game\Entity\SoundSystem.h">
      <Filter>Entity</Filter>
    </ClInclude>
    <ClInclude Include="$(MSBuildThisFileDirectory)src\game\Entity\UnitAIStateMachine.h">
      <Filter>Entity</Filter>
    </ClInclude>
    <ClInclude Include="$(MSBuildThisFileDirectory)src\game\Entity\Common.h">
      <Filter>Entity</Filter>
    </ClInclude>
    <ClInclude Include="$(MSBuildThisFileDirectory)src\game\GUI\UnitSelectionConsolePanel.h">
      <Filter>GUI</Filter>
    </ClInclude>
    <ClInclude Include="$(MSBuildThisFileDirectory)src\game\GUI\UnitCommandsPanel.h">
      <Filter>GUI</Filter>
    </ClInclude>
    <ClInclude Include="$(MSBuildThisFileDirectory)src\game\GUI\GameViewContext.h">
      <Filter>GUI</Filter>
    </ClInclude>
    <ClInclude Include="$(MSBuildThisFileDirectory)src\game\Data\AbilityDef.h">
      <Filter>Data</Filter>
    </ClInclude>
    <ClInclude Include="$(MSBuildThisFileDirectory)src\game\GUI\GameView.h">
      <Filter>GUI</Filter>
    </ClInclude>
    <ClInclude Include="$(MSBuildThisFileDirectory)src\game\Entity\CommandProcessor.h">
      <Filter>Entity</Filter>
    </ClInclude>
    <ClInclude Include="$(MSBuildThisFileDirectory)src\game\Engine\GraphicsRenderer.h">
      <Filter>Engine</Filter>
    </ClInclude>
    <ClInclude Include="$(MSBuildThisFileDirectory)src\game\Engine\GraphicsPrimitives.h">
      <Filter>Engine</Filter>
    </ClInclude>
    <ClInclude Include="$(MSBuildThisFileDirectory)src\game\Engine\JobSystem.h">
      <Filter>Engine</Filter>
    </ClInclude>
    <ClInclude Include="$(MSBuildThisFileDirectory)src\game\Engine\AudioManager.h">
      <Filter>Engine</Filter>
    </ClInclude>
    <ClInclude Include="$(MSBuildThisFileDirectory)src\game\Engine\AudioChannel.h">
      <Filter>Engine</Filter>
    </ClInclude>
    <ClInclude Include="$(MSBuildThisFileDirectory)src\game\Engine\AssetLoader.h">
      <Filter>Engine</Filter>
    </ClInclude>
    <ClInclude Include="$(MSBuildThisFileDirectory)src\game\Engine\InputManager.h">
      <Filter>Engine</Filter>
    </ClInclude>
    <ClInclude Include="$(MSBuildThisFileDirectory)src\game\Engine\InputDevices.h">
      <Filter>Engine</Filter>
    </ClInclude>
    <ClInclude Include="$(MSBuildThisFileDirectory)src\game\Loader\BinaryData.h">
      <Filter>Loader</Filter>
    </ClInclude>
    <ClInclude Include="$(MSBuildThisFileDirectory)src\game\Data\GameDatabase.h">
      <Filter>Data</Filter>
    </ClInclude>
    <ClInclude Include="$(MSBuildThisFileDirectory)src\game\Data\AssetDataDefs.h">
      <Filter>Data</Filter>
    </ClInclude>
    <ClInclude Include="$(MSBuildThisFileDirectory)src\game\Entity\AnimationSystem.h">
      <Filter>Entity</Filter>
    </ClInclude>
    <ClInclude Include="$(MSBuildThisFileDirectory)src\game\Entity\AnimationPlayer.h">
      <Filter>Entity</Filter>
    </ClInclude>
    <ClInclude Include="$(MSBuildThisFileDirectory)src\game\Random.h" />
    <ClInclude Include="$(MSBuildThisFileDirectory)src\game\GUI\GUIAnimator.h">
      <Filter>GUI</Filter>
    </ClInclude>
    <ClInclude Include="$(MSBuildThisFileDirectory)src\game\Data\UpgradeDef.h">
      <Filter>Data</Filter>
    </ClInclude>
    <ClInclude Include="$(MSBuildThisFileDirectory)src\game\Data\SoundSetDef.h">
      <Filter>Data</Filter>
    </ClInclude>
  </ItemGroup>
  <ItemGroup>
    <ClCompile Include="$(MSBuildThisFileDirectory)src\game\Scenes\Scene.cpp">
      <Filter>Scenes</Filter>
    </ClCompile>
    <ClCompile Include="$(MSBuildThisFileDirectory)src\game\Scenes\GameScene.cpp">
      <Filter>Scenes</Filter>
    </ClCompile>
    <ClCompile Include="$(MSBuildThisFileDirectory)src\game\StringLib.cpp" />
    <ClCompile Include="$(MSBuildThisFileDirectory)src\game\Camera.cpp" />
    <ClCompile Include="$(MSBuildThisFileDirectory)src\game\Assets.cpp" />
    <ClCompile Include="$(MSBuildThisFileDirectory)src\game\Game.cpp" />
    <ClCompile Include="$(MSBuildThisFileDirectory)src\game\GUI\GameHUD.cpp">
      <Filter>GUI</Filter>
    </ClCompile>
    <ClCompile Include="$(MSBuildThisFileDirectory)src\game\GUI\Cursor.cpp">
      <Filter>GUI</Filter>
    </ClCompile>
    <ClCompile Include="$(MSBuildThisFileDirectory)src\game\Loader\Wave.cpp">
      <Filter>Loader</Filter>
    </ClCompile>
    <ClCompile Include="$(MSBuildThisFileDirectory)src\game\Entity\EntityManager.cpp">
      <Filter>Entity</Filter>
    </ClCompile>
    <ClCompile Include="$(MSBuildThisFileDirectory)src\game\Entity\RenderSystem.cpp">
      <Filter>Entity</Filter>
    </ClCompile>
    <ClCompile Include="$(MSBuildThisFileDirectory)src\game\Profiler.cpp" />
    <ClCompile Include="$(MSBuildThisFileDirectory)src\game\Entity\KinematicSystem.cpp">
      <Filter>Entity</Filter>
    </ClCompile>
    <ClCompile Include="$(MSBuildThisFileDirectory)src\game\Entity\NavigationSystem.cpp">
      <Filter>Entity</Filter>
    </ClCompile>
    <ClCompile Include="$(MSBuildThisFileDirectory)src\game\Scenes\PerformanceTestScene.cpp">
      <Filter>Scenes</Filter>
    </ClCompile>
    <ClCompile Include="$(MSBuildThisFileDirectory)src\game\Entity\Entity.cpp">
      <Filter>Entity</Filter>
    </ClCompile>
    <ClCompile Include="$(MSBuildThisFileDirectory)src\game\Entity\Archetype.cpp">
      <Filter>Entity</Filter>
    </ClCompile>
    <ClCompile Include="$(MSBuildThisFileDirectory)src\game\Entity\EntityTree.cpp">
      <Filter>Entity</Filter>
    </ClCompile>
    <ClCompile Include="$(MSBuildThisFileDirectory)src\game\Entity\TimingSystem.cpp">
      <Filter>Entity</Filter>
    </ClCompile>
    <ClCompile Include="$(MSBuildThisFileDirectory)src\game\Entity\EntityUtil.cpp">
      <Filter>Entity</Filter>
    </ClCompile>
    <ClCompile Include="$(MSBuildThisFileDirectory)src\game\Data\RaceDef.cpp">
      <Filter>Data</Filter>
    </ClCompile>
    <ClCompile Include="$(MSBuildThisFileDirectory)src\game\Entity\PlayerSystem.cpp">
      <Filter>Entity</Filter>
    </ClCompile>
    <ClCompile Include="$(MSBuildThisFileDirectory)src\game\Entity\MapSystem.cpp">
      <Filter>Entity</Filter>
    </ClCompile>
    <ClCompile Include="$(MSBuildThisFileDirectory)src\game\Util.cpp" />
    <ClCompile Include="$(MSBuildThisFileDirectory)src\game\Entity\UnitSystem.cpp">
      <Filter>Entity</Filter>
    </ClCompile>
    <ClCompile Include="$(MSBuildThisFileDirectory)src\game\Entity\UnitStateMachine.cpp">
      <Filter>Entity</Filter>
    </ClCompile>
    <ClCompile Include="$(MSBuildThisFileDirectory)src\game\Entity\SoundSystem.cpp">
      <Filter>Entity</Filter>
    </ClCompile>
    <ClCompile Include="$(MSBuildThisFileDirectory)src\game\Entity\UnitAIStateMachine.cpp">
      <Filter>Entity</Filter>
    </ClCompile>
    <ClCompile Include="$(MSBuildThisFileDirectory)src\game\GUI\UnitSelectionConsolePanel.cpp">
      <Filter>GUI</Filter>
    </ClCompile>
    <ClCompile Include="$(MSBuildThisFileDirectory)src\game\GUI\UnitCommandsPanel.cpp">
      <Filter>GUI</Filter>
    </ClCompile>
    <ClCompile Include="$(MSBuildThisFileDirectory)src\game\GUI\GameViewContext.cpp">
      <Filter>GUI</Filter>
    </ClCompile>
    <ClCompile Include="$(MSBuildThisFileDirectory)src\game\GUI\GameView.cpp">
      <Filter>GUI</Filter>
    </ClCompile>
    <ClCompile Include="$(MSBuildThisFileDirectory)src\game\Entity\CommandProcessor.cpp">
      <Filter>Entity</Filter>
    </ClCompile>
    <ClCompile Include="$(MSBuildThisFileDirectory)src\game\Engine\GraphicsRenderer.cpp">
      <Filter>Engine</Filter>
    </ClCompile>
    <ClCompile Include="$(MSBuildThisFileDirectory)src\game\Engine\JobSystem.cpp">
      <Filter>Engine</Filter>
    </ClCompile>
    <ClCompile Include="$(MSBuildThisFileDirectory)src\game\Engine\AudioManager.cpp">
      <Filter>Engine</Filter>
    </ClCompile>
    <ClCompile Include="$(MSBuildThisFileDirectory)src\game\Engine\AssetLoader.cpp">
      <Filter>Engine</Filter>
    </ClCompile>
    <ClCompile Include="$(MSBuildThisFileDirectory)src\game\Engine\InputManager.cpp">
      <Filter>Engine</Filter>
    </ClCompile>
    <ClCompile Include="$(MSBuildThisFileDirectory)src\game\Engine\InputDevices.cpp">
      <Filter>Engine</Filter>
    </ClCompile>
    <ClCompile Include="$(MSBuildThisFileDirectory)src\game\Loader\BinaryData.cpp">
      <Filter>Loader</Filter>
    </ClCompile>
    <ClCompile Include="$(MSBuildThisFileDirectory)src\game\Data\GameDatabase.cpp">
      <Filter>Data</Filter>
    </ClCompile>
    <ClCompile Include="$(MSBuildThisFileDirectory)src\game\Entity\AnimationSystem.cpp">
      <Filter>Entity</Filter>
    </ClCompile>
    <ClCompile Include="$(MSBuildThisFileDirectory)src\game\Entity\AnimationPlayer.cpp">
      <Filter>Entity</Filter>
    </ClCompile>
    <ClCompile Include="$(MSBuildThisFileDirectory)src\game\Random.cpp" />
    <ClCompile Include="$(MSBuildThisFileDirectory)src\game\Data\AssetDataDefs.cpp">
      <Filter>Data</Filter>
    </ClCompile>
    <ClCompile Include="$(MSBuildThisFileDirectory)src\game\Data\UnitDef.cpp">
      <Filter>Data</Filter>
    </ClCompile>
    <ClCompile Include="$(MSBuildThisFileDirectory)src\game\Data\AbilityDef.cpp">
      <Filter>Data</Filter>
    </ClCompile>
    <ClCompile Include="$(MSBuildThisFileDirectory)src\game\GUI\GUIAnimator.cpp">
      <Filter>GUI</Filter>
    </ClCompile>
    <ClCompile Include="$(MSBuildThisFileDirectory)src\game\Data\UpgradeDef.cpp">
      <Filter>Data</Filter>
    </ClCompile>
    <ClCompile Include="$(MSBuildThisFileDirectory)src\game\Data\WeaponDef.cpp">
      <Filter>Data</Filter>
    </ClCompile>
    <ClCompile Include="$(MSBuildThisFileDirectory)src\game\Data\SoundSetDef.cpp">
      <Filter>Data</Filter>
    </ClCompile>
  </ItemGroup>
</Project>