<?xml version="1.0" encoding="utf-8"?>
<Project ToolsVersion="4.0" xmlns="http://schemas.microsoft.com/developer/msbuild/2003">
  <ItemGroup>
    <ClCompile Include="src\win32\Main.cpp" />
    <ClCompile Include="src\win32\Platform.cpp" />
    <ClCompile Include="src\win32\SDL_FontCache.c" />
    <ClCompile Include="src\win32\AbstractPlatform.cpp" />
    <ClCompile Include="src\win32\ImGui\imgui.cpp">
      <Filter>ImGui</Filter>
    </ClCompile>
    <ClCompile Include="src\win32\ImGui\imgui_demo.cpp">
      <Filter>ImGui</Filter>
    </ClCompile>
    <ClCompile Include="src\win32\ImGui\imgui_draw.cpp">
      <Filter>ImGui</Filter>
    </ClCompile>
    <ClCompile Include="src\win32\ImGui\imgui_sdl.cpp">
      <Filter>ImGui</Filter>
    </ClCompile>
    <ClCompile Include="src\win32\ImGui\imgui_stdlib.cpp">
      <Filter>ImGui</Filter>
    </ClCompile>
    <ClCompile Include="src\win32\ImGui\imgui_tables.cpp">
      <Filter>ImGui</Filter>
    </ClCompile>
    <ClCompile Include="src\win32\ImGui\imgui_widgets.cpp">
      <Filter>ImGui</Filter>
    </ClCompile>
    <ClCompile Include="src\win32\ImGui\imgui_impl_sdl.cpp">
      <Filter>ImGui</Filter>
    </ClCompile>
    <ClCompile Include="src\win32\lodepng.cpp" />
  </ItemGroup>
  <ItemGroup>
    <ClInclude Include="src\win32\SDL_FontCache.h" />
    <ClInclude Include="src\win32\AbstractPlatform.h" />
    <ClInclude Include="src\win32\ImGui\imstb_rectpack.h">
      <Filter>ImGui</Filter>
    </ClInclude>
    <ClInclude Include="src\win32\ImGui\imstb_textedit.h">
      <Filter>ImGui</Filter>
    </ClInclude>
    <ClInclude Include="src\win32\ImGui\imstb_truetype.h">
      <Filter>ImGui</Filter>
    </ClInclude>
    <ClInclude Include="src\win32\ImGui\imconfig.h">
      <Filter>ImGui</Filter>
    </ClInclude>
    <ClInclude Include="src\win32\ImGui\imgui.h">
      <Filter>ImGui</Filter>
    </ClInclude>
    <ClInclude Include="src\win32\ImGui\imgui_internal.h">
      <Filter>ImGui</Filter>
    </ClInclude>
    <ClInclude Include="src\win32\ImGui\imgui_sdl.h">
      <Filter>ImGui</Filter>
    </ClInclude>
    <ClInclude Include="src\win32\ImGui\imgui_stdlib.h">
      <Filter>ImGui</Filter>
    </ClInclude>
    <ClInclude Include="src\win32\ImGui\imgui_user.h">
      <Filter>ImGui</Filter>
    </ClInclude>
    <ClInclude Include="src\win32\ImGui\imgui_impl_sdl.h">
      <Filter>ImGui</Filter>
    </ClInclude>
    <ClInclude Include="src\win32\lodepng.h" />
    <ClInclude Include="src\win32\SettingsPanel.h" />
  </ItemGroup>
  <ItemGroup>
    <Filter Include="ImGui">
      <UniqueIdentifier>{c6670163-61f2-4268-a10c-1da9f5d385c0}</UniqueIdentifier>
    </Filter>
  </ItemGroup>
</Project>