
Microsoft Visual Studio Solution File, Format Version 12.00
# Visual Studio Version 16
VisualStudioVersion = 16.0.31205.134
MinimumVisualStudioVersion = 10.0.40219.1
Project("{FAE04EC0-301F-11D3-BF4B-00C04F79EFBC}") = "AssetBatcher", "AssetBatcher\AssetBatcher.csproj", "{C36935A7-CEFC-45F8-B0A6-E512818C8578}"
EndProject
Global
	GlobalSection(SolutionConfigurationPlatforms) = preSolution
		Debug|Any CPU = Debug|Any CPU
		Release|Any CPU = Release|Any CPU
	EndGlobalSection
	GlobalSection(ProjectConfigurationPlatforms) = postSolution
		{C36935A7-CEFC-45F8-B0A6-E512818C8578}.Debug|Any CPU.ActiveCfg = Debug|Any CPU
		{C36935A7-CEFC-45F8-B0A6-E512818C8578}.Debug|Any CPU.Build.0 = Debug|Any CPU
		{C36935A7-CEFC-45F8-B0A6-E512818C8578}.Release|Any CPU.ActiveCfg = Release|Any CPU
		{C36935A7-CEFC-45F8-B0A6-E512818C8578}.Release|Any CPU.Build.0 = Release|Any CPU
	EndGlobalSection
	GlobalSection(SolutionProperties) = preSolution
		HideSolutionNode = FALSE
	EndGlobalSection
	GlobalSection(ExtensibilityGlobals) = postSolution
		SolutionGuid = {6F227DFF-C5A9-4825-8B77-D4FD333EBB31}
	EndGlobalSection
EndGlobal
