
Microsoft Visual Studio Solution File, Format Version 12.00
# Visual Studio Version 16
VisualStudioVersion = 16.0.31205.134
MinimumVisualStudioVersion = 10.0.40219.1
Project("{9A19103F-16F7-4668-BE54-9A1E7A4F7556}") = "AssetBatcher", "AssetBatcher\AssetBatcher.csproj", "{C36935A7-CEFC-45F8-B0A6-E512818C8578}"
EndProject
Project("{FAE04EC0-301F-11D3-BF4B-00C04F79EFBC}") = "DataManager", "DataManager\DataManager.csproj", "{01DBA272-1935-41C7-85A5-40417935FD77}"
EndProject
Global
	GlobalSection(SolutionConfigurationPlatforms) = preSolution
		Debug|Any CPU = Debug|Any CPU
		Debug|x64 = Debug|x64
		Debug|x86 = Debug|x86
		Release|Any CPU = Release|Any CPU
		Release|x64 = Release|x64
		Release|x86 = Release|x86
	EndGlobalSection
	GlobalSection(ProjectConfigurationPlatforms) = postSolution
		{C36935A7-CEFC-45F8-B0A6-E512818C8578}.Debug|Any CPU.ActiveCfg = Debug|Any CPU
		{C36935A7-CEFC-45F8-B0A6-E512818C8578}.Debug|Any CPU.Build.0 = Debug|Any CPU
		{C36935A7-CEFC-45F8-B0A6-E512818C8578}.Debug|x64.ActiveCfg = Debug|Any CPU
		{C36935A7-CEFC-45F8-B0A6-E512818C8578}.Debug|x64.Build.0 = Debug|Any CPU
		{C36935A7-CEFC-45F8-B0A6-E512818C8578}.Debug|x86.ActiveCfg = Debug|Any CPU
		{C36935A7-CEFC-45F8-B0A6-E512818C8578}.Debug|x86.Build.0 = Debug|Any CPU
		{C36935A7-CEFC-45F8-B0A6-E512818C8578}.Release|Any CPU.ActiveCfg = Release|Any CPU
		{C36935A7-CEFC-45F8-B0A6-E512818C8578}.Release|Any CPU.Build.0 = Release|Any CPU
		{C36935A7-CEFC-45F8-B0A6-E512818C8578}.Release|x64.ActiveCfg = Release|Any CPU
		{C36935A7-CEFC-45F8-B0A6-E512818C8578}.Release|x64.Build.0 = Release|Any CPU
		{C36935A7-CEFC-45F8-B0A6-E512818C8578}.Release|x86.ActiveCfg = Release|Any CPU
		{C36935A7-CEFC-45F8-B0A6-E512818C8578}.Release|x86.Build.0 = Release|Any CPU
		{01DBA272-1935-41C7-85A5-40417935FD77}.Debug|Any CPU.ActiveCfg = Debug|Any CPU
		{01DBA272-1935-41C7-85A5-40417935FD77}.Debug|Any CPU.Build.0 = Debug|Any CPU
		{01DBA272-1935-41C7-85A5-40417935FD77}.Debug|x64.ActiveCfg = Debug|Any CPU
		{01DBA272-1935-41C7-85A5-40417935FD77}.Debug|x64.Build.0 = Debug|Any CPU
		{01DBA272-1935-41C7-85A5-40417935FD77}.Debug|x86.ActiveCfg = Debug|Any CPU
		{01DBA272-1935-41C7-85A5-40417935FD77}.Debug|x86.Build.0 = Debug|Any CPU
		{01DBA272-1935-41C7-85A5-40417935FD77}.Release|Any CPU.ActiveCfg = Release|Any CPU
		{01DBA272-1935-41C7-85A5-40417935FD77}.Release|Any CPU.Build.0 = Release|Any CPU
		{01DBA272-1935-41C7-85A5-40417935FD77}.Release|x64.ActiveCfg = Release|Any CPU
		{01DBA272-1935-41C7-85A5-40417935FD77}.Release|x64.Build.0 = Release|Any CPU
		{01DBA272-1935-41C7-85A5-40417935FD77}.Release|x86.ActiveCfg = Release|Any CPU
		{01DBA272-1935-41C7-85A5-40417935FD77}.Release|x86.Build.0 = Release|Any CPU
	EndGlobalSection
	GlobalSection(SolutionProperties) = preSolution
		HideSolutionNode = FALSE
	EndGlobalSection
	GlobalSection(ExtensibilityGlobals) = postSolution
		SolutionGuid = {6F227DFF-C5A9-4825-8B77-D4FD333EBB31}
	EndGlobalSection
EndGlobal
